
Microsoft Visual Studio Solution File, Format Version 12.00
# Visual Studio Version 16
VisualStudioVersion = 16.0.30608.117
MinimumVisualStudioVersion = 10.0.40219.1
Project("{9A19103F-16F7-4668-BE54-9A1E7A4F7556}") = "Neo", "Neo\Neo.csproj", "{2CEF2843-B14C-4783-BF0A-1C60BB1B6F2E}"
EndProject
Project("{FAE04EC0-301F-11D3-BF4B-00C04F79EFBC}") = "NeoTestApp.Android", "NeoTestApp.Android\NeoTestApp.Android.csproj", "{6D42288E-E032-40C7-B009-81A373CC94FB}"
EndProject
Project("{9A19103F-16F7-4668-BE54-9A1E7A4F7556}") = "NeoTestApp.Code", "NeoTestApp.Code\NeoTestApp.Code.csproj", "{8F91AAD2-FFA4-4D55-8E98-46B0EBC0EFA9}"
EndProject
Project("{9A19103F-16F7-4668-BE54-9A1E7A4F7556}") = "NeoTestApp.Desktop", "NeoTestApp.Desktop\NeoTestApp.Desktop.csproj", "{02F29548-BDD7-4D34-AB7B-338B5CF8EF9C}"
EndProject
Project("{9A19103F-16F7-4668-BE54-9A1E7A4F7556}") = "NeoFontContentPipelineExtension", "NeoFontContentPipelineExtension\NeoFontContentPipelineExtension.csproj", "{65C009DA-86AA-46AF-B181-9711A2AE61EA}"
EndProject
Project("{FAE04EC0-301F-11D3-BF4B-00C04F79EFBC}") = "PipelineDebuggers", "PipelineDebuggers\PipelineDebuggers.csproj", "{67060AB7-D2C2-4109-BCCB-0D5C6927B557}"
EndProject
Global
	GlobalSection(SolutionConfigurationPlatforms) = preSolution
		Debug|Any CPU = Debug|Any CPU
		Release|Any CPU = Release|Any CPU
	EndGlobalSection
	GlobalSection(ProjectConfigurationPlatforms) = postSolution
		{2CEF2843-B14C-4783-BF0A-1C60BB1B6F2E}.Debug|Any CPU.ActiveCfg = Debug|Any CPU
		{2CEF2843-B14C-4783-BF0A-1C60BB1B6F2E}.Debug|Any CPU.Build.0 = Debug|Any CPU
		{2CEF2843-B14C-4783-BF0A-1C60BB1B6F2E}.Release|Any CPU.ActiveCfg = Release|Any CPU
		{2CEF2843-B14C-4783-BF0A-1C60BB1B6F2E}.Release|Any CPU.Build.0 = Release|Any CPU
		{6D42288E-E032-40C7-B009-81A373CC94FB}.Debug|Any CPU.ActiveCfg = Debug|Any CPU
		{6D42288E-E032-40C7-B009-81A373CC94FB}.Debug|Any CPU.Build.0 = Debug|Any CPU
		{6D42288E-E032-40C7-B009-81A373CC94FB}.Debug|Any CPU.Deploy.0 = Debug|Any CPU
		{6D42288E-E032-40C7-B009-81A373CC94FB}.Release|Any CPU.ActiveCfg = Release|Any CPU
		{6D42288E-E032-40C7-B009-81A373CC94FB}.Release|Any CPU.Build.0 = Release|Any CPU
		{6D42288E-E032-40C7-B009-81A373CC94FB}.Release|Any CPU.Deploy.0 = Release|Any CPU
		{8F91AAD2-FFA4-4D55-8E98-46B0EBC0EFA9}.Debug|Any CPU.ActiveCfg = Debug|Any CPU
		{8F91AAD2-FFA4-4D55-8E98-46B0EBC0EFA9}.Debug|Any CPU.Build.0 = Debug|Any CPU
		{8F91AAD2-FFA4-4D55-8E98-46B0EBC0EFA9}.Release|Any CPU.ActiveCfg = Release|Any CPU
		{8F91AAD2-FFA4-4D55-8E98-46B0EBC0EFA9}.Release|Any CPU.Build.0 = Release|Any CPU
		{02F29548-BDD7-4D34-AB7B-338B5CF8EF9C}.Debug|Any CPU.ActiveCfg = Debug|Any CPU
		{02F29548-BDD7-4D34-AB7B-338B5CF8EF9C}.Debug|Any CPU.Build.0 = Debug|Any CPU
		{02F29548-BDD7-4D34-AB7B-338B5CF8EF9C}.Release|Any CPU.ActiveCfg = Release|Any CPU
		{02F29548-BDD7-4D34-AB7B-338B5CF8EF9C}.Release|Any CPU.Build.0 = Release|Any CPU
		{65C009DA-86AA-46AF-B181-9711A2AE61EA}.Debug|Any CPU.ActiveCfg = Debug|Any CPU
		{65C009DA-86AA-46AF-B181-9711A2AE61EA}.Debug|Any CPU.Build.0 = Debug|Any CPU
		{65C009DA-86AA-46AF-B181-9711A2AE61EA}.Release|Any CPU.ActiveCfg = Release|Any CPU
		{65C009DA-86AA-46AF-B181-9711A2AE61EA}.Release|Any CPU.Build.0 = Release|Any CPU
		{67060AB7-D2C2-4109-BCCB-0D5C6927B557}.Debug|Any CPU.ActiveCfg = Debug|Any CPU
		{67060AB7-D2C2-4109-BCCB-0D5C6927B557}.Debug|Any CPU.Build.0 = Debug|Any CPU
		{67060AB7-D2C2-4109-BCCB-0D5C6927B557}.Release|Any CPU.ActiveCfg = Release|Any CPU
		{67060AB7-D2C2-4109-BCCB-0D5C6927B557}.Release|Any CPU.Build.0 = Release|Any CPU
	EndGlobalSection
	GlobalSection(SolutionProperties) = preSolution
		HideSolutionNode = FALSE
	EndGlobalSection
	GlobalSection(ExtensibilityGlobals) = postSolution
		SolutionGuid = {BEF4D2E7-FC6C-4611-9F5F-609B5CD57AC6}
	EndGlobalSection
EndGlobal
