
Microsoft Visual Studio Solution File, Format Version 12.00
# Visual Studio Version 16
VisualStudioVersion = 16.0.30608.117
MinimumVisualStudioVersion = 10.0.40219.1
Project("{9A19103F-16F7-4668-BE54-9A1E7A4F7556}") = "ScreenTest", "ScreenTest\ScreenTest.csproj", "{A0EE7E0C-5233-42A6-A0E0-4BCD0C4ADC7B}"
EndProject
Project("{FAE04EC0-301F-11D3-BF4B-00C04F79EFBC}") = "Neo", "Neo\Neo.csproj", "{2CEF2843-B14C-4783-BF0A-1C60BB1B6F2E}"
EndProject
Global
	GlobalSection(SolutionConfigurationPlatforms) = preSolution
		Debug|Any CPU = Debug|Any CPU
		Release|Any CPU = Release|Any CPU
	EndGlobalSection
	GlobalSection(ProjectConfigurationPlatforms) = postSolution
		{A0EE7E0C-5233-42A6-A0E0-4BCD0C4ADC7B}.Debug|Any CPU.ActiveCfg = Debug|Any CPU
		{A0EE7E0C-5233-42A6-A0E0-4BCD0C4ADC7B}.Debug|Any CPU.Build.0 = Debug|Any CPU
		{A0EE7E0C-5233-42A6-A0E0-4BCD0C4ADC7B}.Release|Any CPU.ActiveCfg = Release|Any CPU
		{A0EE7E0C-5233-42A6-A0E0-4BCD0C4ADC7B}.Release|Any CPU.Build.0 = Release|Any CPU
		{2CEF2843-B14C-4783-BF0A-1C60BB1B6F2E}.Debug|Any CPU.ActiveCfg = Debug|Any CPU
		{2CEF2843-B14C-4783-BF0A-1C60BB1B6F2E}.Debug|Any CPU.Build.0 = Debug|Any CPU
		{2CEF2843-B14C-4783-BF0A-1C60BB1B6F2E}.Release|Any CPU.ActiveCfg = Release|Any CPU
		{2CEF2843-B14C-4783-BF0A-1C60BB1B6F2E}.Release|Any CPU.Build.0 = Release|Any CPU
	EndGlobalSection
	GlobalSection(SolutionProperties) = preSolution
		HideSolutionNode = FALSE
	EndGlobalSection
	GlobalSection(ExtensibilityGlobals) = postSolution
		SolutionGuid = {BEF4D2E7-FC6C-4611-9F5F-609B5CD57AC6}
	EndGlobalSection
EndGlobal
